{
    "name": "fixture-module-app",
    "version": "0.1.0",
    "lockfileVersion": 3,
    "requires": true,
    "packages": {
        "": {
            "name": "fixture-module-app",
            "version": "0.1.0",
            "dependencies": {
                "@xola/embedded-app-sdk": "^0.2.0"
            },
            "engines": {
                "node": ">=20"
            }
        },
        "node_modules/@xola/embedded-app-sdk": {
            "version": "0.2.0",
            "resolved": "https://registry.npmjs.org/@xola/embedded-app-sdk/-/embedded-app-sdk-0.2.0.tgz",
            "integrity": "sha512-y/OnFwpuJ7wnAJ4SfuBqPf1rVTViEKrv3UjTW/ozIdbCCbNT6xz8+4CaA7ZX83dQLNBr4CZLwCi/YMa8qqoGog=="
        }
    }
}
